// !$*UTF8*$!
{
	archiveVersion = 1;
	classes = {
	};
	objectVersion = 56;
	objects = {

/* Begin PBXBuildFile section */
		294F38F4291CF13100ABC373 /* RecomendedPlacesView.swift in Sources */ = {isa = PBXBuildFile; fileRef = 294F38F3291CF13100ABC373 /* RecomendedPlacesView.swift */; };
		294F38F6291CF3D200ABC373 /* RecomendedRestaurantsView.swift in Sources */ = {isa = PBXBuildFile; fileRef = 294F38F5291CF3D200ABC373 /* RecomendedRestaurantsView.swift */; };
		294F38F8291CF4E500ABC373 /* EventsCategoriesView.swift in Sources */ = {isa = PBXBuildFile; fileRef = 294F38F7291CF4E500ABC373 /* EventsCategoriesView.swift */; };
		294F38FA291CF59F00ABC373 /* ExtraView.swift in Sources */ = {isa = PBXBuildFile; fileRef = 294F38F9291CF59F00ABC373 /* ExtraView.swift */; };
		294F38FD291CFB8E00ABC373 /* EventsCategoriesModel.swift in Sources */ = {isa = PBXBuildFile; fileRef = 294F38FC291CFB8E00ABC373 /* EventsCategoriesModel.swift */; };
		294F38FF291CFBCB00ABC373 /* RecommendedPlacesModel.swift in Sources */ = {isa = PBXBuildFile; fileRef = 294F38FE291CFBCB00ABC373 /* RecommendedPlacesModel.swift */; };
		294F3901291CFBFF00ABC373 /* RestaurantsModel.swift in Sources */ = {isa = PBXBuildFile; fileRef = 294F3900291CFBFF00ABC373 /* RestaurantsModel.swift */; };
		294F3903291CFC2E00ABC373 /* ExtractsModel.swift in Sources */ = {isa = PBXBuildFile; fileRef = 294F3902291CFC2E00ABC373 /* ExtractsModel.swift */; };
		294F3906291D05FE00ABC373 /* CustomViewModifier.swift in Sources */ = {isa = PBXBuildFile; fileRef = 294F3905291D05FE00ABC373 /* CustomViewModifier.swift */; };
		294F3908291D0CAC00ABC373 /* MainViewColor.swift in Sources */ = {isa = PBXBuildFile; fileRef = 294F3907291D0CAC00ABC373 /* MainViewColor.swift */; };
		296874DE291AF22E007EA438 /* TravelAppApp.swift in Sources */ = {isa = PBXBuildFile; fileRef = 296874DD291AF22E007EA438 /* TravelAppApp.swift */; };
		296874E0291AF22E007EA438 /* MainView.swift in Sources */ = {isa = PBXBuildFile; fileRef = 296874DF291AF22E007EA438 /* MainView.swift */; };
		296874E2291AF232007EA438 /* Assets.xcassets in Resources */ = {isa = PBXBuildFile; fileRef = 296874E1291AF232007EA438 /* Assets.xcassets */; };
		296874E5291AF232007EA438 /* Preview Assets.xcassets in Resources */ = {isa = PBXBuildFile; fileRef = 296874E4291AF232007EA438 /* Preview Assets.xcassets */; };
		296874EF291AF233007EA438 /* TravelAppTests.swift in Sources */ = {isa = PBXBuildFile; fileRef = 296874EE291AF233007EA438 /* TravelAppTests.swift */; };
		296874F9291AF233007EA438 /* TravelAppUITests.swift in Sources */ = {isa = PBXBuildFile; fileRef = 296874F8291AF233007EA438 /* TravelAppUITests.swift */; };
		296874FB291AF233007EA438 /* TravelAppUITestsLaunchTests.swift in Sources */ = {isa = PBXBuildFile; fileRef = 296874FA291AF233007EA438 /* TravelAppUITestsLaunchTests.swift */; };
/* End PBXBuildFile section */

/* Begin PBXContainerItemProxy section */
		296874EB291AF233007EA438 /* PBXContainerItemProxy */ = {
			isa = PBXContainerItemProxy;
			containerPortal = 296874D2291AF22E007EA438 /* Project object */;
			proxyType = 1;
			remoteGlobalIDString = 296874D9291AF22E007EA438;
			remoteInfo = TravelApp;
		};
		296874F5291AF233007EA438 /* PBXContainerItemProxy */ = {
			isa = PBXContainerItemProxy;
			containerPortal = 296874D2291AF22E007EA438 /* Project object */;
			proxyType = 1;
			remoteGlobalIDString = 296874D9291AF22E007EA438;
			remoteInfo = TravelApp;
		};
/* End PBXContainerItemProxy section */

/* Begin PBXFileReference section */
		294F38F3291CF13100ABC373 /* RecomendedPlacesView.swift */ = {isa = PBXFileReference; lastKnownFileType = sourcecode.swift; path = RecomendedPlacesView.swift; sourceTree = "<group>"; };
		294F38F5291CF3D200ABC373 /* RecomendedRestaurantsView.swift */ = {isa = PBXFileReference; lastKnownFileType = sourcecode.swift; path = RecomendedRestaurantsView.swift; sourceTree = "<group>"; };
		294F38F7291CF4E500ABC373 /* EventsCategoriesView.swift */ = {isa = PBXFileReference; lastKnownFileType = sourcecode.swift; path = EventsCategoriesView.swift; sourceTree = "<group>"; };
		294F38F9291CF59F00ABC373 /* ExtraView.swift */ = {isa = PBXFileReference; lastKnownFileType = sourcecode.swift; path = ExtraView.swift; sourceTree = "<group>"; };
		294F38FC291CFB8E00ABC373 /* EventsCategoriesModel.swift */ = {isa = PBXFileReference; lastKnownFileType = sourcecode.swift; path = EventsCategoriesModel.swift; sourceTree = "<group>"; };
		294F38FE291CFBCB00ABC373 /* RecommendedPlacesModel.swift */ = {isa = PBXFileReference; lastKnownFileType = sourcecode.swift; path = RecommendedPlacesModel.swift; sourceTree = "<group>"; };
		294F3900291CFBFF00ABC373 /* RestaurantsModel.swift */ = {isa = PBXFileReference; lastKnownFileType = sourcecode.swift; path = RestaurantsModel.swift; sourceTree = "<group>"; };
		294F3902291CFC2E00ABC373 /* ExtractsModel.swift */ = {isa = PBXFileReference; lastKnownFileType = sourcecode.swift; path = ExtractsModel.swift; sourceTree = "<group>"; };
		294F3905291D05FE00ABC373 /* CustomViewModifier.swift */ = {isa = PBXFileReference; lastKnownFileType = sourcecode.swift; path = CustomViewModifier.swift; sourceTree = "<group>"; };
		294F3907291D0CAC00ABC373 /* MainViewColor.swift */ = {isa = PBXFileReference; lastKnownFileType = sourcecode.swift; path = MainViewColor.swift; sourceTree = "<group>"; };
		296874DA291AF22E007EA438 /* TravelApp.app */ = {isa = PBXFileReference; explicitFileType = wrapper.application; includeInIndex = 0; path = TravelApp.app; sourceTree = BUILT_PRODUCTS_DIR; };
		296874DD291AF22E007EA438 /* TravelAppApp.swift */ = {isa = PBXFileReference; lastKnownFileType = sourcecode.swift; path = TravelAppApp.swift; sourceTree = "<group>"; };
		296874DF291AF22E007EA438 /* MainView.swift */ = {isa = PBXFileReference; lastKnownFileType = sourcecode.swift; path = MainView.swift; sourceTree = "<group>"; };
		296874E1291AF232007EA438 /* Assets.xcassets */ = {isa = PBXFileReference; lastKnownFileType = folder.assetcatalog; path = Assets.xcassets; sourceTree = "<group>"; };
		296874E4291AF232007EA438 /* Preview Assets.xcassets */ = {isa = PBXFileReference; lastKnownFileType = folder.assetcatalog; path = "Preview Assets.xcassets"; sourceTree = "<group>"; };
		296874EA291AF233007EA438 /* TravelAppTests.xctest */ = {isa = PBXFileReference; explicitFileType = wrapper.cfbundle; includeInIndex = 0; path = TravelAppTests.xctest; sourceTree = BUILT_PRODUCTS_DIR; };
		296874EE291AF233007EA438 /* TravelAppTests.swift */ = {isa = PBXFileReference; lastKnownFileType = sourcecode.swift; path = TravelAppTests.swift; sourceTree = "<group>"; };
		296874F4291AF233007EA438 /* TravelAppUITests.xctest */ = {isa = PBXFileReference; explicitFileType = wrapper.cfbundle; includeInIndex = 0; path = TravelAppUITests.xctest; sourceTree = BUILT_PRODUCTS_DIR; };
		296874F8291AF233007EA438 /* TravelAppUITests.swift */ = {isa = PBXFileReference; lastKnownFileType = sourcecode.swift; path = TravelAppUITests.swift; sourceTree = "<group>"; };
		296874FA291AF233007EA438 /* TravelAppUITestsLaunchTests.swift */ = {isa = PBXFileReference; lastKnownFileType = sourcecode.swift; path = TravelAppUITestsLaunchTests.swift; sourceTree = "<group>"; };
/* End PBXFileReference section */

/* Begin PBXFrameworksBuildPhase section */
		296874D7291AF22E007EA438 /* Frameworks */ = {
			isa = PBXFrameworksBuildPhase;
			buildActionMask = 2147483647;
			files = (
			);
			runOnlyForDeploymentPostprocessing = 0;
		};
		296874E7291AF233007EA438 /* Frameworks */ = {
			isa = PBXFrameworksBuildPhase;
			buildActionMask = 2147483647;
			files = (
			);
			runOnlyForDeploymentPostprocessing = 0;
		};
		296874F1291AF233007EA438 /* Frameworks */ = {
			isa = PBXFrameworksBuildPhase;
			buildActionMask = 2147483647;
			files = (
			);
			runOnlyForDeploymentPostprocessing = 0;
		};
/* End PBXFrameworksBuildPhase section */

/* Begin PBXGroup section */
		294F38F2291CEF1300ABC373 /* Main */ = {
			isa = PBXGroup;
			children = (
				296874DF291AF22E007EA438 /* MainView.swift */,
				294F38F3291CF13100ABC373 /* RecomendedPlacesView.swift */,
				294F38F5291CF3D200ABC373 /* RecomendedRestaurantsView.swift */,
				294F38F7291CF4E500ABC373 /* EventsCategoriesView.swift */,
				294F38F9291CF59F00ABC373 /* ExtraView.swift */,
			);
			path = Main;
			sourceTree = "<group>";
		};
		294F38FB291CFB2400ABC373 /* Models */ = {
			isa = PBXGroup;
			children = (
				294F38FE291CFBCB00ABC373 /* RecommendedPlacesModel.swift */,
				294F38FC291CFB8E00ABC373 /* EventsCategoriesModel.swift */,
				294F3900291CFBFF00ABC373 /* RestaurantsModel.swift */,
				294F3902291CFC2E00ABC373 /* ExtractsModel.swift */,
			);
			path = Models;
			sourceTree = "<group>";
		};
		294F3904291D05A900ABC373 /* Helpers */ = {
			isa = PBXGroup;
			children = (
				294F3905291D05FE00ABC373 /* CustomViewModifier.swift */,
				294F3907291D0CAC00ABC373 /* MainViewColor.swift */,
			);
			path = Helpers;
			sourceTree = "<group>";
		};
		296874D1291AF22E007EA438 = {
			isa = PBXGroup;
			children = (
				296874DC291AF22E007EA438 /* TravelApp */,
				296874ED291AF233007EA438 /* TravelAppTests */,
				296874F7291AF233007EA438 /* TravelAppUITests */,
				296874DB291AF22E007EA438 /* Products */,
			);
			sourceTree = "<group>";
		};
		296874DB291AF22E007EA438 /* Products */ = {
			isa = PBXGroup;
			children = (
				296874DA291AF22E007EA438 /* TravelApp.app */,
				296874EA291AF233007EA438 /* TravelAppTests.xctest */,
				296874F4291AF233007EA438 /* TravelAppUITests.xctest */,
			);
			name = Products;
			sourceTree = "<group>";
		};
		296874DC291AF22E007EA438 /* TravelApp */ = {
			isa = PBXGroup;
			children = (
				294F3904291D05A900ABC373 /* Helpers */,
				296874DD291AF22E007EA438 /* TravelAppApp.swift */,
				294F38FB291CFB2400ABC373 /* Models */,
				294F38F2291CEF1300ABC373 /* Main */,
				296874E1291AF232007EA438 /* Assets.xcassets */,
				296874E3291AF232007EA438 /* Preview Content */,
			);
			path = TravelApp;
			sourceTree = "<group>";
		};
		296874E3291AF232007EA438 /* Preview Content */ = {
			isa = PBXGroup;
			children = (
				296874E4291AF232007EA438 /* Preview Assets.xcassets */,
			);
			path = "Preview Content";
			sourceTree = "<group>";
		};
		296874ED291AF233007EA438 /* TravelAppTests */ = {
			isa = PBXGroup;
			children = (
				296874EE291AF233007EA438 /* TravelAppTests.swift */,
			);
			path = TravelAppTests;
			sourceTree = "<group>";
		};
		296874F7291AF233007EA438 /* TravelAppUITests */ = {
			isa = PBXGroup;
			children = (
				296874F8291AF233007EA438 /* TravelAppUITests.swift */,
				296874FA291AF233007EA438 /* TravelAppUITestsLaunchTests.swift */,
			);
			path = TravelAppUITests;
			sourceTree = "<group>";
		};
/* End PBXGroup section */

/* Begin PBXNativeTarget section */
		296874D9291AF22E007EA438 /* TravelApp */ = {
			isa = PBXNativeTarget;
			buildConfigurationList = 296874FE291AF233007EA438 /* Build configuration list for PBXNativeTarget "TravelApp" */;
			buildPhases = (
				296874D6291AF22E007EA438 /* Sources */,
				296874D7291AF22E007EA438 /* Frameworks */,
				296874D8291AF22E007EA438 /* Resources */,
			);
			buildRules = (
			);
			dependencies = (
			);
			name = TravelApp;
			productName = TravelApp;
			productReference = 296874DA291AF22E007EA438 /* TravelApp.app */;
			productType = "com.apple.product-type.application";
		};
		296874E9291AF233007EA438 /* TravelAppTests */ = {
			isa = PBXNativeTarget;
			buildConfigurationList = 29687501291AF233007EA438 /* Build configuration list for PBXNativeTarget "TravelAppTests" */;
			buildPhases = (
				296874E6291AF233007EA438 /* Sources */,
				296874E7291AF233007EA438 /* Frameworks */,
				296874E8291AF233007EA438 /* Resources */,
			);
			buildRules = (
			);
			dependencies = (
				296874EC291AF233007EA438 /* PBXTargetDependency */,
			);
			name = TravelAppTests;
			productName = TravelAppTests;
			productReference = 296874EA291AF233007EA438 /* TravelAppTests.xctest */;
			productType = "com.apple.product-type.bundle.unit-test";
		};
		296874F3291AF233007EA438 /* TravelAppUITests */ = {
			isa = PBXNativeTarget;
			buildConfigurationList = 29687504291AF233007EA438 /* Build configuration list for PBXNativeTarget "TravelAppUITests" */;
			buildPhases = (
				296874F0291AF233007EA438 /* Sources */,
				296874F1291AF233007EA438 /* Frameworks */,
				296874F2291AF233007EA438 /* Resources */,
			);
			buildRules = (
			);
			dependencies = (
				296874F6291AF233007EA438 /* PBXTargetDependency */,
			);
			name = TravelAppUITests;
			productName = TravelAppUITests;
			productReference = 296874F4291AF233007EA438 /* TravelAppUITests.xctest */;
			productType = "com.apple.product-type.bundle.ui-testing";
		};
/* End PBXNativeTarget section */

/* Begin PBXProject section */
		296874D2291AF22E007EA438 /* Project object */ = {
			isa = PBXProject;
			attributes = {
				BuildIndependentTargetsInParallel = 1;
				LastSwiftUpdateCheck = 1400;
				LastUpgradeCheck = 1400;
				TargetAttributes = {
					296874D9291AF22E007EA438 = {
						CreatedOnToolsVersion = 14.0.1;
					};
					296874E9291AF233007EA438 = {
						CreatedOnToolsVersion = 14.0.1;
						TestTargetID = 296874D9291AF22E007EA438;
					};
					296874F3291AF233007EA438 = {
						CreatedOnToolsVersion = 14.0.1;
						TestTargetID = 296874D9291AF22E007EA438;
					};
				};
			};
			buildConfigurationList = 296874D5291AF22E007EA438 /* Build configuration list for PBXProject "TravelApp" */;
			compatibilityVersion = "Xcode 14.0";
			developmentRegion = en;
			hasScannedForEncodings = 0;
			knownRegions = (
				en,
				Base,
			);
			mainGroup = 296874D1291AF22E007EA438;
			productRefGroup = 296874DB291AF22E007EA438 /* Products */;
			projectDirPath = "";
			projectRoot = "";
			targets = (
				296874D9291AF22E007EA438 /* TravelApp */,
				296874E9291AF233007EA438 /* TravelAppTests */,
				296874F3291AF233007EA438 /* TravelAppUITests */,
			);
		};
/* End PBXProject section */

/* Begin PBXResourcesBuildPhase section */
		296874D8291AF22E007EA438 /* Resources */ = {
			isa = PBXResourcesBuildPhase;
			buildActionMask = 2147483647;
			files = (
				296874E5291AF232007EA438 /* Preview Assets.xcassets in Resources */,
				296874E2291AF232007EA438 /* Assets.xcassets in Resources */,
			);
			runOnlyForDeploymentPostprocessing = 0;
		};
		296874E8291AF233007EA438 /* Resources */ = {
			isa = PBXResourcesBuildPhase;
			buildActionMask = 2147483647;
			files = (
			);
			runOnlyForDeploymentPostprocessing = 0;
		};
		296874F2291AF233007EA438 /* Resources */ = {
			isa = PBXResourcesBuildPhase;
			buildActionMask = 2147483647;
			files = (
			);
			runOnlyForDeploymentPostprocessing = 0;
		};
/* End PBXResourcesBuildPhase section */

/* Begin PBXSourcesBuildPhase section */
		296874D6291AF22E007EA438 /* Sources */ = {
			isa = PBXSourcesBuildPhase;
			buildActionMask = 2147483647;
			files = (
				294F38FD291CFB8E00ABC373 /* EventsCategoriesModel.swift in Sources */,
				294F3908291D0CAC00ABC373 /* MainViewColor.swift in Sources */,
				294F3903291CFC2E00ABC373 /* ExtractsModel.swift in Sources */,
				296874E0291AF22E007EA438 /* MainView.swift in Sources */,
				294F38FA291CF59F00ABC373 /* ExtraView.swift in Sources */,
				294F3901291CFBFF00ABC373 /* RestaurantsModel.swift in Sources */,
				294F38FF291CFBCB00ABC373 /* RecommendedPlacesModel.swift in Sources */,
				294F38F4291CF13100ABC373 /* RecomendedPlacesView.swift in Sources */,
				296874DE291AF22E007EA438 /* TravelAppApp.swift in Sources */,
				294F3906291D05FE00ABC373 /* CustomViewModifier.swift in Sources */,
				294F38F6291CF3D200ABC373 /* RecomendedRestaurantsView.swift in Sources */,
				294F38F8291CF4E500ABC373 /* EventsCategoriesView.swift in Sources */,
			);
			runOnlyForDeploymentPostprocessing = 0;
		};
		296874E6291AF233007EA438 /* Sources */ = {
			isa = PBXSourcesBuildPhase;
			buildActionMask = 2147483647;
			files = (
				296874EF291AF233007EA438 /* TravelAppTests.swift in Sources */,
			);
			runOnlyForDeploymentPostprocessing = 0;
		};
		296874F0291AF233007EA438 /* Sources */ = {
			isa = PBXSourcesBuildPhase;
			buildActionMask = 2147483647;
			files = (
				296874FB291AF233007EA438 /* TravelAppUITestsLaunchTests.swift in Sources */,
				296874F9291AF233007EA438 /* TravelAppUITests.swift in Sources */,
			);
			runOnlyForDeploymentPostprocessing = 0;
		};
/* End PBXSourcesBuildPhase section */

/* Begin PBXTargetDependency section */
		296874EC291AF233007EA438 /* PBXTargetDependency */ = {
			isa = PBXTargetDependency;
			target = 296874D9291AF22E007EA438 /* TravelApp */;
			targetProxy = 296874EB291AF233007EA438 /* PBXContainerItemProxy */;
		};
		296874F6291AF233007EA438 /* PBXTargetDependency */ = {
			isa = PBXTargetDependency;
			target = 296874D9291AF22E007EA438 /* TravelApp */;
			targetProxy = 296874F5291AF233007EA438 /* PBXContainerItemProxy */;
		};
/* End PBXTargetDependency section */

/* Begin XCBuildConfiguration section */
		296874FC291AF233007EA438 /* Debug */ = {
			isa = XCBuildConfiguration;
			buildSettings = {
				ALWAYS_SEARCH_USER_PATHS = NO;
				CLANG_ANALYZER_NONNULL = YES;
				CLANG_ANALYZER_NUMBER_OBJECT_CONVERSION = YES_AGGRESSIVE;
				CLANG_CXX_LANGUAGE_STANDARD = "gnu++20";
				CLANG_ENABLE_MODULES = YES;
				CLANG_ENABLE_OBJC_ARC = YES;
				CLANG_ENABLE_OBJC_WEAK = YES;
				CLANG_WARN_BLOCK_CAPTURE_AUTORELEASING = YES;
				CLANG_WARN_BOOL_CONVERSION = YES;
				CLANG_WARN_COMMA = YES;
				CLANG_WARN_CONSTANT_CONVERSION = YES;
				CLANG_WARN_DEPRECATED_OBJC_IMPLEMENTATIONS = YES;
				CLANG_WARN_DIRECT_OBJC_ISA_USAGE = YES_ERROR;
				CLANG_WARN_DOCUMENTATION_COMMENTS = YES;
				CLANG_WARN_EMPTY_BODY = YES;
				CLANG_WARN_ENUM_CONVERSION = YES;
				CLANG_WARN_INFINITE_RECURSION = YES;
				CLANG_WARN_INT_CONVERSION = YES;
				CLANG_WARN_NON_LITERAL_NULL_CONVERSION = YES;
				CLANG_WARN_OBJC_IMPLICIT_RETAIN_SELF = YES;
				CLANG_WARN_OBJC_LITERAL_CONVERSION = YES;
				CLANG_WARN_OBJC_ROOT_CLASS = YES_ERROR;
				CLANG_WARN_QUOTED_INCLUDE_IN_FRAMEWORK_HEADER = YES;
				CLANG_WARN_RANGE_LOOP_ANALYSIS = YES;
				CLANG_WARN_STRICT_PROTOTYPES = YES;
				CLANG_WARN_SUSPICIOUS_MOVE = YES;
				CLANG_WARN_UNGUARDED_AVAILABILITY = YES_AGGRESSIVE;
				CLANG_WARN_UNREACHABLE_CODE = YES;
				CLANG_WARN__DUPLICATE_METHOD_MATCH = YES;
				COPY_PHASE_STRIP = NO;
				DEBUG_INFORMATION_FORMAT = dwarf;
				ENABLE_STRICT_OBJC_MSGSEND = YES;
				ENABLE_TESTABILITY = YES;
				GCC_C_LANGUAGE_STANDARD = gnu11;
				GCC_DYNAMIC_NO_PIC = NO;
				GCC_NO_COMMON_BLOCKS = YES;
				GCC_OPTIMIZATION_LEVEL = 0;
				GCC_PREPROCESSOR_DEFINITIONS = (
					"DEBUG=1",
					"$(inherited)",
				);
				GCC_WARN_64_TO_32_BIT_CONVERSION = YES;
				GCC_WARN_ABOUT_RETURN_TYPE = YES_ERROR;
				GCC_WARN_UNDECLARED_SELECTOR = YES;
				GCC_WARN_UNINITIALIZED_AUTOS = YES_AGGRESSIVE;
				GCC_WARN_UNUSED_FUNCTION = YES;
				GCC_WARN_UNUSED_VARIABLE = YES;
				IPHONEOS_DEPLOYMENT_TARGET = 16.0;
				MTL_ENABLE_DEBUG_INFO = INCLUDE_SOURCE;
				MTL_FAST_MATH = YES;
				ONLY_ACTIVE_ARCH = YES;
				SDKROOT = iphoneos;
				SWIFT_ACTIVE_COMPILATION_CONDITIONS = DEBUG;
				SWIFT_OPTIMIZATION_LEVEL = "-Onone";
			};
			name = Debug;
		};
		296874FD291AF233007EA438 /* Release */ = {
			isa = XCBuildConfiguration;
			buildSettings = {
				ALWAYS_SEARCH_USER_PATHS = NO;
				CLANG_ANALYZER_NONNULL = YES;
				CLANG_ANALYZER_NUMBER_OBJECT_CONVERSION = YES_AGGRESSIVE;
				CLANG_CXX_LANGUAGE_STANDARD = "gnu++20";
				CLANG_ENABLE_MODULES = YES;
				CLANG_ENABLE_OBJC_ARC = YES;
				CLANG_ENABLE_OBJC_WEAK = YES;
				CLANG_WARN_BLOCK_CAPTURE_AUTORELEASING = YES;
				CLANG_WARN_BOOL_CONVERSION = YES;
				CLANG_WARN_COMMA = YES;
				CLANG_WARN_CONSTANT_CONVERSION = YES;
				CLANG_WARN_DEPRECATED_OBJC_IMPLEMENTATIONS = YES;
				CLANG_WARN_DIRECT_OBJC_ISA_USAGE = YES_ERROR;
				CLANG_WARN_DOCUMENTATION_COMMENTS = YES;
				CLANG_WARN_EMPTY_BODY = YES;
				CLANG_WARN_ENUM_CONVERSION = YES;
				CLANG_WARN_INFINITE_RECURSION = YES;
				CLANG_WARN_INT_CONVERSION = YES;
				CLANG_WARN_NON_LITERAL_NULL_CONVERSION = YES;
				CLANG_WARN_OBJC_IMPLICIT_RETAIN_SELF = YES;
				CLANG_WARN_OBJC_LITERAL_CONVERSION = YES;
				CLANG_WARN_OBJC_ROOT_CLASS = YES_ERROR;
				CLANG_WARN_QUOTED_INCLUDE_IN_FRAMEWORK_HEADER = YES;
				CLANG_WARN_RANGE_LOOP_ANALYSIS = YES;
				CLANG_WARN_STRICT_PROTOTYPES = YES;
				CLANG_WARN_SUSPICIOUS_MOVE = YES;
				CLANG_WARN_UNGUARDED_AVAILABILITY = YES_AGGRESSIVE;
				CLANG_WARN_UNREACHABLE_CODE = YES;
				CLANG_WARN__DUPLICATE_METHOD_MATCH = YES;
				COPY_PHASE_STRIP = NO;
				DEBUG_INFORMATION_FORMAT = "dwarf-with-dsym";
				ENABLE_NS_ASSERTIONS = NO;
				ENABLE_STRICT_OBJC_MSGSEND = YES;
				GCC_C_LANGUAGE_STANDARD = gnu11;
				GCC_NO_COMMON_BLOCKS = YES;
				GCC_WARN_64_TO_32_BIT_CONVERSION = YES;
				GCC_WARN_ABOUT_RETURN_TYPE = YES_ERROR;
				GCC_WARN_UNDECLARED_SELECTOR = YES;
				GCC_WARN_UNINITIALIZED_AUTOS = YES_AGGRESSIVE;
				GCC_WARN_UNUSED_FUNCTION = YES;
				GCC_WARN_UNUSED_VARIABLE = YES;
				IPHONEOS_DEPLOYMENT_TARGET = 16.0;
				MTL_ENABLE_DEBUG_INFO = NO;
				MTL_FAST_MATH = YES;
				SDKROOT = iphoneos;
				SWIFT_COMPILATION_MODE = wholemodule;
				SWIFT_OPTIMIZATION_LEVEL = "-O";
				VALIDATE_PRODUCT = YES;
			};
			name = Release;
		};
		296874FF291AF233007EA438 /* Debug */ = {
			isa = XCBuildConfiguration;
			buildSettings = {
				ASSETCATALOG_COMPILER_APPICON_NAME = AppIcon;
				ASSETCATALOG_COMPILER_GLOBAL_ACCENT_COLOR_NAME = AccentColor;
				CODE_SIGN_STYLE = Automatic;
				CURRENT_PROJECT_VERSION = 1;
				DEVELOPMENT_ASSET_PATHS = "\"TravelApp/Preview Content\"";
				ENABLE_PREVIEWS = YES;
				GENERATE_INFOPLIST_FILE = YES;
				INFOPLIST_KEY_UIApplicationSceneManifest_Generation = YES;
				INFOPLIST_KEY_UIApplicationSupportsIndirectInputEvents = YES;
				INFOPLIST_KEY_UILaunchScreen_Generation = YES;
				INFOPLIST_KEY_UISupportedInterfaceOrientations_iPad = "UIInterfaceOrientationPortrait UIInterfaceOrientationPortraitUpsideDown UIInterfaceOrientationLandscapeLeft UIInterfaceOrientationLandscapeRight";
				INFOPLIST_KEY_UISupportedInterfaceOrientations_iPhone = "UIInterfaceOrientationPortrait UIInterfaceOrientationLandscapeLeft UIInterfaceOrientationLandscapeRight";
				LD_RUNPATH_SEARCH_PATHS = (
					"$(inherited)",
					"@executable_path/Frameworks",
				);
				MARKETING_VERSION = 1.0;
				PRODUCT_BUNDLE_IDENTIFIER = com.sebulla.TravelApp;
				PRODUCT_NAME = "$(TARGET_NAME)";
				SWIFT_EMIT_LOC_STRINGS = YES;
				SWIFT_VERSION = 5.0;
				TARGETED_DEVICE_FAMILY = "1,2";
			};
			name = Debug;
		};
		29687500291AF233007EA438 /* Release */ = {
			isa = XCBuildConfiguration;
			buildSettings = {
				ASSETCATALOG_COMPILER_APPICON_NAME = AppIcon;
				ASSETCATALOG_COMPILER_GLOBAL_ACCENT_COLOR_NAME = AccentColor;
				CODE_SIGN_STYLE = Automatic;
				CURRENT_PROJECT_VERSION = 1;
				DEVELOPMENT_ASSET_PATHS = "\"TravelApp/Preview Content\"";
				ENABLE_PREVIEWS = YES;
				GENERATE_INFOPLIST_FILE = YES;
				INFOPLIST_KEY_UIApplicationSceneManifest_Generation = YES;
				INFOPLIST_KEY_UIApplicationSupportsIndirectInputEvents = YES;
				INFOPLIST_KEY_UILaunchScreen_Generation = YES;
				INFOPLIST_KEY_UISupportedInterfaceOrientations_iPad = "UIInterfaceOrientationPortrait UIInterfaceOrientationPortraitUpsideDown UIInterfaceOrientationLandscapeLeft UIInterfaceOrientationLandscapeRight";
				INFOPLIST_KEY_UISupportedInterfaceOrientations_iPhone = "UIInterfaceOrientationPortrait UIInterfaceOrientationLandscapeLeft UIInterfaceOrientationLandscapeRight";
				LD_RUNPATH_SEARCH_PATHS = (
					"$(inherited)",
					"@executable_path/Frameworks",
				);
				MARKETING_VERSION = 1.0;
				PRODUCT_BUNDLE_IDENTIFIER = com.sebulla.TravelApp;
				PRODUCT_NAME = "$(TARGET_NAME)";
				SWIFT_EMIT_LOC_STRINGS = YES;
				SWIFT_VERSION = 5.0;
				TARGETED_DEVICE_FAMILY = "1,2";
			};
			name = Release;
		};
		29687502291AF233007EA438 /* Debug */ = {
			isa = XCBuildConfiguration;
			buildSettings = {
				ALWAYS_EMBED_SWIFT_STANDARD_LIBRARIES = YES;
				BUNDLE_LOADER = "$(TEST_HOST)";
				CODE_SIGN_STYLE = Automatic;
				CURRENT_PROJECT_VERSION = 1;
				GENERATE_INFOPLIST_FILE = YES;
				IPHONEOS_DEPLOYMENT_TARGET = 16.0;
				MARKETING_VERSION = 1.0;
				PRODUCT_BUNDLE_IDENTIFIER = com.sebulla.TravelAppTests;
				PRODUCT_NAME = "$(TARGET_NAME)";
				SWIFT_EMIT_LOC_STRINGS = NO;
				SWIFT_VERSION = 5.0;
				TARGETED_DEVICE_FAMILY = "1,2";
				TEST_HOST = "$(BUILT_PRODUCTS_DIR)/TravelApp.app/$(BUNDLE_EXECUTABLE_FOLDER_PATH)/TravelApp";
			};
			name = Debug;
		};
		29687503291AF233007EA438 /* Release */ = {
			isa = XCBuildConfiguration;
			buildSettings = {
				ALWAYS_EMBED_SWIFT_STANDARD_LIBRARIES = YES;
				BUNDLE_LOADER = "$(TEST_HOST)";
				CODE_SIGN_STYLE = Automatic;
				CURRENT_PROJECT_VERSION = 1;
				GENERATE_INFOPLIST_FILE = YES;
				IPHONEOS_DEPLOYMENT_TARGET = 16.0;
				MARKETING_VERSION = 1.0;
				PRODUCT_BUNDLE_IDENTIFIER = com.sebulla.TravelAppTests;
				PRODUCT_NAME = "$(TARGET_NAME)";
				SWIFT_EMIT_LOC_STRINGS = NO;
				SWIFT_VERSION = 5.0;
				TARGETED_DEVICE_FAMILY = "1,2";
				TEST_HOST = "$(BUILT_PRODUCTS_DIR)/TravelApp.app/$(BUNDLE_EXECUTABLE_FOLDER_PATH)/TravelApp";
			};
			name = Release;
		};
		29687505291AF233007EA438 /* Debug */ = {
			isa = XCBuildConfiguration;
			buildSettings = {
				ALWAYS_EMBED_SWIFT_STANDARD_LIBRARIES = YES;
				CODE_SIGN_STYLE = Automatic;
				CURRENT_PROJECT_VERSION = 1;
				GENERATE_INFOPLIST_FILE = YES;
				MARKETING_VERSION = 1.0;
				PRODUCT_BUNDLE_IDENTIFIER = com.sebulla.TravelAppUITests;
				PRODUCT_NAME = "$(TARGET_NAME)";
				SWIFT_EMIT_LOC_STRINGS = NO;
				SWIFT_VERSION = 5.0;
				TARGETED_DEVICE_FAMILY = "1,2";
				TEST_TARGET_NAME = TravelApp;
			};
			name = Debug;
		};
		29687506291AF233007EA438 /* Release */ = {
			isa = XCBuildConfiguration;
			buildSettings = {
				ALWAYS_EMBED_SWIFT_STANDARD_LIBRARIES = YES;
				CODE_SIGN_STYLE = Automatic;
				CURRENT_PROJECT_VERSION = 1;
				GENERATE_INFOPLIST_FILE = YES;
				MARKETING_VERSION = 1.0;
				PRODUCT_BUNDLE_IDENTIFIER = com.sebulla.TravelAppUITests;
				PRODUCT_NAME = "$(TARGET_NAME)";
				SWIFT_EMIT_LOC_STRINGS = NO;
				SWIFT_VERSION = 5.0;
				TARGETED_DEVICE_FAMILY = "1,2";
				TEST_TARGET_NAME = TravelApp;
			};
			name = Release;
		};
/* End XCBuildConfiguration section */

/* Begin XCConfigurationList section */
		296874D5291AF22E007EA438 /* Build configuration list for PBXProject "TravelApp" */ = {
			isa = XCConfigurationList;
			buildConfigurations = (
				296874FC291AF233007EA438 /* Debug */,
				296874FD291AF233007EA438 /* Release */,
			);
			defaultConfigurationIsVisible = 0;
			defaultConfigurationName = Release;
		};
		296874FE291AF233007EA438 /* Build configuration list for PBXNativeTarget "TravelApp" */ = {
			isa = XCConfigurationList;
			buildConfigurations = (
				296874FF291AF233007EA438 /* Debug */,
				29687500291AF233007EA438 /* Release */,
			);
			defaultConfigurationIsVisible = 0;
			defaultConfigurationName = Release;
		};
		29687501291AF233007EA438 /* Build configuration list for PBXNativeTarget "TravelAppTests" */ = {
			isa = XCConfigurationList;
			buildConfigurations = (
				29687502291AF233007EA438 /* Debug */,
				29687503291AF233007EA438 /* Release */,
			);
			defaultConfigurationIsVisible = 0;
			defaultConfigurationName = Release;
		};
		29687504291AF233007EA438 /* Build configuration list for PBXNativeTarget "TravelAppUITests" */ = {
			isa = XCConfigurationList;
			buildConfigurations = (
				29687505291AF233007EA438 /* Debug */,
				29687506291AF233007EA438 /* Release */,
			);
			defaultConfigurationIsVisible = 0;
			defaultConfigurationName = Release;
		};
/* End XCConfigurationList section */
	};
	rootObject = 296874D2291AF22E007EA438 /* Project object */;
}
